// !$*UTF8*$!
{
	archiveVersion = 1;
	classes = {
	};
	objectVersion = 52;
	objects = {

/* Begin PBXBuildFile section */
		3B1466502952CDC0003CED7F /* TrainTag.swift in Sources */ = {isa = PBXBuildFile; fileRef = 3B14664F2952CDC0003CED7F /* TrainTag.swift */; };
		3B14665629532796003CED7F /* Lottie in Frameworks */ = {isa = PBXBuildFile; productRef = 3B14665529532796003CED7F /* Lottie */; };
		3B146659295329D2003CED7F /* loading.json in Resources */ = {isa = PBXBuildFile; fileRef = 3B146658295329D2003CED7F /* loading.json */; };
		3B14666329532CC7003CED7F /* LottieView.swift in Sources */ = {isa = PBXBuildFile; fileRef = 3B14666229532CC7003CED7F /* LottieView.swift */; };
		3B14666D295332E7003CED7F /* TrainView.swift in Sources */ = {isa = PBXBuildFile; fileRef = 3B14666C295332E7003CED7F /* TrainView.swift */; };
		3B5A9DFE2951B73A00002078 /* StationView.swift in Sources */ = {isa = PBXBuildFile; fileRef = 3B5A9DFD2951B73A00002078 /* StationView.swift */; };
		3B7E79C4292E032800D1CAC9 /* DataController.swift in Sources */ = {isa = PBXBuildFile; fileRef = 3B7E79C3292E032800D1CAC9 /* DataController.swift */; };
		3BAC5490293735BC00C9ADD7 /* StationList.swift in Sources */ = {isa = PBXBuildFile; fileRef = 3BAC548F293735BC00C9ADD7 /* StationList.swift */; };
		3BE81AEB2949CF1400550E58 /* Register.swift in Sources */ = {isa = PBXBuildFile; fileRef = 3BE81AEA2949CF1400550E58 /* Register.swift */; };
		3BF36AF829581C0F005128E7 /* Search.swift in Sources */ = {isa = PBXBuildFile; fileRef = 3BF36AF729581C0F005128E7 /* Search.swift */; };
		3BF6E8622924C2C3009E24DD /* RailwayInformationApp.swift in Sources */ = {isa = PBXBuildFile; fileRef = 3BF6E8612924C2C3009E24DD /* RailwayInformationApp.swift */; };
		3BF6E8642924C2C3009E24DD /* ContentView.swift in Sources */ = {isa = PBXBuildFile; fileRef = 3BF6E8632924C2C3009E24DD /* ContentView.swift */; };
		3BF6E8662924C2CD009E24DD /* Assets.xcassets in Resources */ = {isa = PBXBuildFile; fileRef = 3BF6E8652924C2CD009E24DD /* Assets.xcassets */; };
		3BF6E8692924C2CD009E24DD /* Preview Assets.xcassets in Resources */ = {isa = PBXBuildFile; fileRef = 3BF6E8682924C2CD009E24DD /* Preview Assets.xcassets */; };
		3BF6E8732924D290009E24DD /* DataModels.swift in Sources */ = {isa = PBXBuildFile; fileRef = 3BF6E8722924D290009E24DD /* DataModels.swift */; };
		3BF8EB4329499610002281A0 /* Member.swift in Sources */ = {isa = PBXBuildFile; fileRef = 3BF8EB4229499610002281A0 /* Member.swift */; };
		3BF8EB46294998B4002281A0 /* MemberController.swift in Sources */ = {isa = PBXBuildFile; fileRef = 3BF8EB45294998B4002281A0 /* MemberController.swift */; };
		3BF8EB4B29499DD6002281A0 /* MemberModels.swift in Sources */ = {isa = PBXBuildFile; fileRef = 3BF8EB4A29499DD6002281A0 /* MemberModels.swift */; };
/* End PBXBuildFile section */

/* Begin PBXFileReference section */
		3B14664F2952CDC0003CED7F /* TrainTag.swift */ = {isa = PBXFileReference; lastKnownFileType = sourcecode.swift; path = TrainTag.swift; sourceTree = "<group>"; };
		3B146658295329D2003CED7F /* loading.json */ = {isa = PBXFileReference; fileEncoding = 4; lastKnownFileType = text.json; path = loading.json; sourceTree = "<group>"; };
		3B14666229532CC7003CED7F /* LottieView.swift */ = {isa = PBXFileReference; lastKnownFileType = sourcecode.swift; path = LottieView.swift; sourceTree = "<group>"; };
		3B14666C295332E7003CED7F /* TrainView.swift */ = {isa = PBXFileReference; lastKnownFileType = sourcecode.swift; path = TrainView.swift; sourceTree = "<group>"; };
		3B5A9DFD2951B73A00002078 /* StationView.swift */ = {isa = PBXFileReference; lastKnownFileType = sourcecode.swift; path = StationView.swift; sourceTree = "<group>"; };
		3B7E79C3292E032800D1CAC9 /* DataController.swift */ = {isa = PBXFileReference; lastKnownFileType = sourcecode.swift; path = DataController.swift; sourceTree = "<group>"; };
		3BAC5484293727CC00C9ADD7 /* Config.xcconfig */ = {isa = PBXFileReference; lastKnownFileType = text.xcconfig; path = Config.xcconfig; sourceTree = "<group>"; };
		3BAC548F293735BC00C9ADD7 /* StationList.swift */ = {isa = PBXFileReference; lastKnownFileType = sourcecode.swift; path = StationList.swift; sourceTree = "<group>"; };
		3BE81AEA2949CF1400550E58 /* Register.swift */ = {isa = PBXFileReference; lastKnownFileType = sourcecode.swift; path = Register.swift; sourceTree = "<group>"; };
		3BF36AF729581C0F005128E7 /* Search.swift */ = {isa = PBXFileReference; lastKnownFileType = sourcecode.swift; path = Search.swift; sourceTree = "<group>"; };
		3BF6E85E2924C2C3009E24DD /* RailwayInformation.app */ = {isa = PBXFileReference; explicitFileType = wrapper.application; includeInIndex = 0; path = RailwayInformation.app; sourceTree = BUILT_PRODUCTS_DIR; };
		3BF6E8612924C2C3009E24DD /* RailwayInformationApp.swift */ = {isa = PBXFileReference; lastKnownFileType = sourcecode.swift; path = RailwayInformationApp.swift; sourceTree = "<group>"; };
		3BF6E8632924C2C3009E24DD /* ContentView.swift */ = {isa = PBXFileReference; lastKnownFileType = sourcecode.swift; path = ContentView.swift; sourceTree = "<group>"; };
		3BF6E8652924C2CD009E24DD /* Assets.xcassets */ = {isa = PBXFileReference; lastKnownFileType = folder.assetcatalog; path = Assets.xcassets; sourceTree = "<group>"; };
		3BF6E8682924C2CD009E24DD /* Preview Assets.xcassets */ = {isa = PBXFileReference; lastKnownFileType = folder.assetcatalog; path = "Preview Assets.xcassets"; sourceTree = "<group>"; };
		3BF6E86A2924C2CD009E24DD /* Info.plist */ = {isa = PBXFileReference; lastKnownFileType = text.plist.xml; path = Info.plist; sourceTree = "<group>"; };
		3BF6E8722924D290009E24DD /* DataModels.swift */ = {isa = PBXFileReference; lastKnownFileType = sourcecode.swift; path = DataModels.swift; sourceTree = "<group>"; };
		3BF8EB4229499610002281A0 /* Member.swift */ = {isa = PBXFileReference; lastKnownFileType = sourcecode.swift; path = Member.swift; sourceTree = "<group>"; };
		3BF8EB45294998B4002281A0 /* MemberController.swift */ = {isa = PBXFileReference; lastKnownFileType = sourcecode.swift; path = MemberController.swift; sourceTree = "<group>"; };
		3BF8EB4A29499DD6002281A0 /* MemberModels.swift */ = {isa = PBXFileReference; lastKnownFileType = sourcecode.swift; path = MemberModels.swift; sourceTree = "<group>"; };
/* End PBXFileReference section */

/* Begin PBXFrameworksBuildPhase section */
		3BF6E85B2924C2C3009E24DD /* Frameworks */ = {
			isa = PBXFrameworksBuildPhase;
			buildActionMask = 2147483647;
			files = (
				3B14665629532796003CED7F /* Lottie in Frameworks */,
			);
			runOnlyForDeploymentPostprocessing = 0;
		};
/* End PBXFrameworksBuildPhase section */

/* Begin PBXGroup section */
		3B14665B295329E4003CED7F /* Lottie */ = {
			isa = PBXGroup;
			children = (
				3B146658295329D2003CED7F /* loading.json */,
				3B14666229532CC7003CED7F /* LottieView.swift */,
			);
			path = Lottie;
			sourceTree = "<group>";
		};
		3BAC548E293735AB00C9ADD7 /* Components */ = {
			isa = PBXGroup;
			children = (
				3BAC548F293735BC00C9ADD7 /* StationList.swift */,
				3BF8EB4229499610002281A0 /* Member.swift */,
				3BE81AEA2949CF1400550E58 /* Register.swift */,
				3B5A9DFD2951B73A00002078 /* StationView.swift */,
				3B14664F2952CDC0003CED7F /* TrainTag.swift */,
				3B14666C295332E7003CED7F /* TrainView.swift */,
				3BF36AF729581C0F005128E7 /* Search.swift */,
			);
			path = Components;
			sourceTree = "<group>";
		};
		3BF6E8552924C2C3009E24DD = {
			isa = PBXGroup;
			children = (
				3B14665B295329E4003CED7F /* Lottie */,
				3BF6E8602924C2C3009E24DD /* RailwayInformation */,
				3BF6E85F2924C2C3009E24DD /* Products */,
			);
			sourceTree = "<group>";
		};
		3BF6E85F2924C2C3009E24DD /* Products */ = {
			isa = PBXGroup;
			children = (
				3BF6E85E2924C2C3009E24DD /* RailwayInformation.app */,
			);
			name = Products;
			sourceTree = "<group>";
		};
		3BF6E8602924C2C3009E24DD /* RailwayInformation */ = {
			isa = PBXGroup;
			children = (
				3BAC548E293735AB00C9ADD7 /* Components */,
				3BF6E8712924D263009E24DD /* API */,
				3BF6E8612924C2C3009E24DD /* RailwayInformationApp.swift */,
				3BF6E8632924C2C3009E24DD /* ContentView.swift */,
				3BF6E8652924C2CD009E24DD /* Assets.xcassets */,
				3BF6E86A2924C2CD009E24DD /* Info.plist */,
				3BF6E8672924C2CD009E24DD /* Preview Content */,
				3BAC5484293727CC00C9ADD7 /* Config.xcconfig */,
			);
			path = RailwayInformation;
			sourceTree = "<group>";
		};
		3BF6E8672924C2CD009E24DD /* Preview Content */ = {
			isa = PBXGroup;
			children = (
				3BF6E8682924C2CD009E24DD /* Preview Assets.xcassets */,
			);
			path = "Preview Content";
			sourceTree = "<group>";
		};
		3BF6E8712924D263009E24DD /* API */ = {
			isa = PBXGroup;
			children = (
				3BF6E8722924D290009E24DD /* DataModels.swift */,
				3B7E79C3292E032800D1CAC9 /* DataController.swift */,
				3BF8EB45294998B4002281A0 /* MemberController.swift */,
				3BF8EB4A29499DD6002281A0 /* MemberModels.swift */,
			);
			path = API;
			sourceTree = "<group>";
		};
/* End PBXGroup section */

/* Begin PBXNativeTarget section */
		3BF6E85D2924C2C3009E24DD /* RailwayInformation */ = {
			isa = PBXNativeTarget;
			buildConfigurationList = 3BF6E86D2924C2CD009E24DD /* Build configuration list for PBXNativeTarget "RailwayInformation" */;
			buildPhases = (
				3BF6E85A2924C2C3009E24DD /* Sources */,
				3BF6E85B2924C2C3009E24DD /* Frameworks */,
				3BF6E85C2924C2C3009E24DD /* Resources */,
			);
			buildRules = (
			);
			dependencies = (
			);
			name = RailwayInformation;
			packageProductDependencies = (
				3B14665529532796003CED7F /* Lottie */,
			);
			productName = RailwayInformation;
			productReference = 3BF6E85E2924C2C3009E24DD /* RailwayInformation.app */;
			productType = "com.apple.product-type.application";
		};
/* End PBXNativeTarget section */

/* Begin PBXProject section */
		3BF6E8562924C2C3009E24DD /* Project object */ = {
			isa = PBXProject;
			attributes = {
				LastSwiftUpdateCheck = 1220;
				LastUpgradeCheck = 1220;
				TargetAttributes = {
					3BF6E85D2924C2C3009E24DD = {
						CreatedOnToolsVersion = 12.2;
					};
				};
			};
			buildConfigurationList = 3BF6E8592924C2C3009E24DD /* Build configuration list for PBXProject "RailwayInformation" */;
			compatibilityVersion = "Xcode 9.3";
			developmentRegion = en;
			hasScannedForEncodings = 0;
			knownRegions = (
				en,
				Base,
			);
			mainGroup = 3BF6E8552924C2C3009E24DD;
			packageReferences = (
				3B14665429532796003CED7F /* XCRemoteSwiftPackageReference "lottie-ios" */,
			);
			productRefGroup = 3BF6E85F2924C2C3009E24DD /* Products */;
			projectDirPath = "";
			projectRoot = "";
			targets = (
				3BF6E85D2924C2C3009E24DD /* RailwayInformation */,
			);
		};
/* End PBXProject section */

/* Begin PBXResourcesBuildPhase section */
		3BF6E85C2924C2C3009E24DD /* Resources */ = {
			isa = PBXResourcesBuildPhase;
			buildActionMask = 2147483647;
			files = (
				3BF6E8692924C2CD009E24DD /* Preview Assets.xcassets in Resources */,
				3BF6E8662924C2CD009E24DD /* Assets.xcassets in Resources */,
				3B146659295329D2003CED7F /* loading.json in Resources */,
			);
			runOnlyForDeploymentPostprocessing = 0;
		};
/* End PBXResourcesBuildPhase section */

/* Begin PBXSourcesBuildPhase section */
		3BF6E85A2924C2C3009E24DD /* Sources */ = {
			isa = PBXSourcesBuildPhase;
			buildActionMask = 2147483647;
			files = (
				3BAC5490293735BC00C9ADD7 /* StationList.swift in Sources */,
				3BF8EB4B29499DD6002281A0 /* MemberModels.swift in Sources */,
				3BF8EB46294998B4002281A0 /* MemberController.swift in Sources */,
				3B14666D295332E7003CED7F /* TrainView.swift in Sources */,
				3BE81AEB2949CF1400550E58 /* Register.swift in Sources */,
				3BF8EB4329499610002281A0 /* Member.swift in Sources */,
				3BF6E8732924D290009E24DD /* DataModels.swift in Sources */,
				3BF6E8642924C2C3009E24DD /* ContentView.swift in Sources */,
				3BF6E8622924C2C3009E24DD /* RailwayInformationApp.swift in Sources */,
				3B14666329532CC7003CED7F /* LottieView.swift in Sources */,
				3B7E79C4292E032800D1CAC9 /* DataController.swift in Sources */,
				3B5A9DFE2951B73A00002078 /* StationView.swift in Sources */,
				3B1466502952CDC0003CED7F /* TrainTag.swift in Sources */,
				3BF36AF829581C0F005128E7 /* Search.swift in Sources */,
			);
			runOnlyForDeploymentPostprocessing = 0;
		};
/* End PBXSourcesBuildPhase section */

/* Begin XCBuildConfiguration section */
		3BF6E86B2924C2CD009E24DD /* Debug */ = {
			isa = XCBuildConfiguration;
			baseConfigurationReference = 3BAC5484293727CC00C9ADD7 /* Config.xcconfig */;
			buildSettings = {
				ALWAYS_SEARCH_USER_PATHS = NO;
				CLANG_ANALYZER_NONNULL = YES;
				CLANG_ANALYZER_NUMBER_OBJECT_CONVERSION = YES_AGGRESSIVE;
				CLANG_CXX_LANGUAGE_STANDARD = "gnu++14";
				CLANG_CXX_LIBRARY = "libc++";
				CLANG_ENABLE_MODULES = YES;
				CLANG_ENABLE_OBJC_ARC = YES;
				CLANG_ENABLE_OBJC_WEAK = YES;
				CLANG_WARN_BLOCK_CAPTURE_AUTORELEASING = YES;
				CLANG_WARN_BOOL_CONVERSION = YES;
				CLANG_WARN_COMMA = YES;
				CLANG_WARN_CONSTANT_CONVERSION = YES;
				CLANG_WARN_DEPRECATED_OBJC_IMPLEMENTATIONS = YES;
				CLANG_WARN_DIRECT_OBJC_ISA_USAGE = YES_ERROR;
				CLANG_WARN_DOCUMENTATION_COMMENTS = YES;
				CLANG_WARN_EMPTY_BODY = YES;
				CLANG_WARN_ENUM_CONVERSION = YES;
				CLANG_WARN_INFINITE_RECURSION = YES;
				CLANG_WARN_INT_CONVERSION = YES;
				CLANG_WARN_NON_LITERAL_NULL_CONVERSION = YES;
				CLANG_WARN_OBJC_IMPLICIT_RETAIN_SELF = YES;
				CLANG_WARN_OBJC_LITERAL_CONVERSION = YES;
				CLANG_WARN_OBJC_ROOT_CLASS = YES_ERROR;
				CLANG_WARN_QUOTED_INCLUDE_IN_FRAMEWORK_HEADER = YES;
				CLANG_WARN_RANGE_LOOP_ANALYSIS = YES;
				CLANG_WARN_STRICT_PROTOTYPES = YES;
				CLANG_WARN_SUSPICIOUS_MOVE = YES;
				CLANG_WARN_UNGUARDED_AVAILABILITY = YES_AGGRESSIVE;
				CLANG_WARN_UNREACHABLE_CODE = YES;
				CLANG_WARN__DUPLICATE_METHOD_MATCH = YES;
				COPY_PHASE_STRIP = NO;
				DEBUG_INFORMATION_FORMAT = dwarf;
				ENABLE_STRICT_OBJC_MSGSEND = YES;
				ENABLE_TESTABILITY = YES;
				GCC_C_LANGUAGE_STANDARD = gnu11;
				GCC_DYNAMIC_NO_PIC = NO;
				GCC_NO_COMMON_BLOCKS = YES;
				GCC_OPTIMIZATION_LEVEL = 0;
				GCC_PREPROCESSOR_DEFINITIONS = (
					"DEBUG=1",
					"$(inherited)",
				);
				GCC_WARN_64_TO_32_BIT_CONVERSION = YES;
				GCC_WARN_ABOUT_RETURN_TYPE = YES_ERROR;
				GCC_WARN_UNDECLARED_SELECTOR = YES;
				GCC_WARN_UNINITIALIZED_AUTOS = YES_AGGRESSIVE;
				GCC_WARN_UNUSED_FUNCTION = YES;
				GCC_WARN_UNUSED_VARIABLE = YES;
				IPHONEOS_DEPLOYMENT_TARGET = 14.2;
				MTL_ENABLE_DEBUG_INFO = INCLUDE_SOURCE;
				MTL_FAST_MATH = YES;
				ONLY_ACTIVE_ARCH = YES;
				SDKROOT = iphoneos;
				SWIFT_ACTIVE_COMPILATION_CONDITIONS = DEBUG;
				SWIFT_OPTIMIZATION_LEVEL = "-Onone";
			};
			name = Debug;
		};
		3BF6E86C2924C2CD009E24DD /* Release */ = {
			isa = XCBuildConfiguration;
			buildSettings = {
				ALWAYS_SEARCH_USER_PATHS = NO;
				CLANG_ANALYZER_NONNULL = YES;
				CLANG_ANALYZER_NUMBER_OBJECT_CONVERSION = YES_AGGRESSIVE;
				CLANG_CXX_LANGUAGE_STANDARD = "gnu++14";
				CLANG_CXX_LIBRARY = "libc++";
				CLANG_ENABLE_MODULES = YES;
				CLANG_ENABLE_OBJC_ARC = YES;
				CLANG_ENABLE_OBJC_WEAK = YES;
				CLANG_WARN_BLOCK_CAPTURE_AUTORELEASING = YES;
				CLANG_WARN_BOOL_CONVERSION = YES;
				CLANG_WARN_COMMA = YES;
				CLANG_WARN_CONSTANT_CONVERSION = YES;
				CLANG_WARN_DEPRECATED_OBJC_IMPLEMENTATIONS = YES;
				CLANG_WARN_DIRECT_OBJC_ISA_USAGE = YES_ERROR;
				CLANG_WARN_DOCUMENTATION_COMMENTS = YES;
				CLANG_WARN_EMPTY_BODY = YES;
				CLANG_WARN_ENUM_CONVERSION = YES;
				CLANG_WARN_INFINITE_RECURSION = YES;
				CLANG_WARN_INT_CONVERSION = YES;
				CLANG_WARN_NON_LITERAL_NULL_CONVERSION = YES;
				CLANG_WARN_OBJC_IMPLICIT_RETAIN_SELF = YES;
				CLANG_WARN_OBJC_LITERAL_CONVERSION = YES;
				CLANG_WARN_OBJC_ROOT_CLASS = YES_ERROR;
				CLANG_WARN_QUOTED_INCLUDE_IN_FRAMEWORK_HEADER = YES;
				CLANG_WARN_RANGE_LOOP_ANALYSIS = YES;
				CLANG_WARN_STRICT_PROTOTYPES = YES;
				CLANG_WARN_SUSPICIOUS_MOVE = YES;
				CLANG_WARN_UNGUARDED_AVAILABILITY = YES_AGGRESSIVE;
				CLANG_WARN_UNREACHABLE_CODE = YES;
				CLANG_WARN__DUPLICATE_METHOD_MATCH = YES;
				COPY_PHASE_STRIP = NO;
				DEBUG_INFORMATION_FORMAT = "dwarf-with-dsym";
				ENABLE_NS_ASSERTIONS = NO;
				ENABLE_STRICT_OBJC_MSGSEND = YES;
				GCC_C_LANGUAGE_STANDARD = gnu11;
				GCC_NO_COMMON_BLOCKS = YES;
				GCC_WARN_64_TO_32_BIT_CONVERSION = YES;
				GCC_WARN_ABOUT_RETURN_TYPE = YES_ERROR;
				GCC_WARN_UNDECLARED_SELECTOR = YES;
				GCC_WARN_UNINITIALIZED_AUTOS = YES_AGGRESSIVE;
				GCC_WARN_UNUSED_FUNCTION = YES;
				GCC_WARN_UNUSED_VARIABLE = YES;
				IPHONEOS_DEPLOYMENT_TARGET = 14.2;
				MTL_ENABLE_DEBUG_INFO = NO;
				MTL_FAST_MATH = YES;
				SDKROOT = iphoneos;
				SWIFT_COMPILATION_MODE = wholemodule;
				SWIFT_OPTIMIZATION_LEVEL = "-O";
				VALIDATE_PRODUCT = YES;
			};
			name = Release;
		};
		3BF6E86E2924C2CD009E24DD /* Debug */ = {
			isa = XCBuildConfiguration;
			buildSettings = {
				ASSETCATALOG_COMPILER_APPICON_NAME = AppIcon;
				ASSETCATALOG_COMPILER_GLOBAL_ACCENT_COLOR_NAME = AccentColor;
				CODE_SIGN_STYLE = Automatic;
				DEVELOPMENT_ASSET_PATHS = "\"RailwayInformation/Preview Content\"";
				ENABLE_PREVIEWS = YES;
				INFOPLIST_FILE = RailwayInformation/Info.plist;
				IPHONEOS_DEPLOYMENT_TARGET = 14.0;
				LD_RUNPATH_SEARCH_PATHS = (
					"$(inherited)",
					"@executable_path/Frameworks",
				);
				PRODUCT_BUNDLE_IDENTIFIER = gnyar.RailwayInformation;
				PRODUCT_NAME = "$(TARGET_NAME)";
				SWIFT_VERSION = 5.0;
				TARGETED_DEVICE_FAMILY = "1,2";
			};
			name = Debug;
		};
		3BF6E86F2924C2CD009E24DD /* Release */ = {
			isa = XCBuildConfiguration;
			buildSettings = {
				ASSETCATALOG_COMPILER_APPICON_NAME = AppIcon;
				ASSETCATALOG_COMPILER_GLOBAL_ACCENT_COLOR_NAME = AccentColor;
				CODE_SIGN_STYLE = Automatic;
				DEVELOPMENT_ASSET_PATHS = "\"RailwayInformation/Preview Content\"";
				ENABLE_PREVIEWS = YES;
				INFOPLIST_FILE = RailwayInformation/Info.plist;
				IPHONEOS_DEPLOYMENT_TARGET = 14.0;
				LD_RUNPATH_SEARCH_PATHS = (
					"$(inherited)",
					"@executable_path/Frameworks",
				);
				PRODUCT_BUNDLE_IDENTIFIER = gnyar.RailwayInformation;
				PRODUCT_NAME = "$(TARGET_NAME)";
				SWIFT_VERSION = 5.0;
				TARGETED_DEVICE_FAMILY = "1,2";
			};
			name = Release;
		};
/* End XCBuildConfiguration section */

/* Begin XCConfigurationList section */
		3BF6E8592924C2C3009E24DD /* Build configuration list for PBXProject "RailwayInformation" */ = {
			isa = XCConfigurationList;
			buildConfigurations = (
				3BF6E86B2924C2CD009E24DD /* Debug */,
				3BF6E86C2924C2CD009E24DD /* Release */,
			);
			defaultConfigurationIsVisible = 0;
			defaultConfigurationName = Release;
		};
		3BF6E86D2924C2CD009E24DD /* Build configuration list for PBXNativeTarget "RailwayInformation" */ = {
			isa = XCConfigurationList;
			buildConfigurations = (
				3BF6E86E2924C2CD009E24DD /* Debug */,
				3BF6E86F2924C2CD009E24DD /* Release */,
			);
			defaultConfigurationIsVisible = 0;
			defaultConfigurationName = Release;
		};
/* End XCConfigurationList section */

/* Begin XCRemoteSwiftPackageReference section */
		3B14665429532796003CED7F /* XCRemoteSwiftPackageReference "lottie-ios" */ = {
			isa = XCRemoteSwiftPackageReference;
			repositoryURL = "https://github.com/airbnb/lottie-ios.git";
			requirement = {
				kind = upToNextMajorVersion;
				minimumVersion = 3.5.0;
			};
		};
/* End XCRemoteSwiftPackageReference section */

/* Begin XCSwiftPackageProductDependency section */
		3B14665529532796003CED7F /* Lottie */ = {
			isa = XCSwiftPackageProductDependency;
			package = 3B14665429532796003CED7F /* XCRemoteSwiftPackageReference "lottie-ios" */;
			productName = Lottie;
		};
/* End XCSwiftPackageProductDependency section */
	};
	rootObject = 3BF6E8562924C2C3009E24DD /* Project object */;
}
